# THIS IS AN AUTOGENERATED FILE. DO NOT EDIT THIS FILE DIRECTLY.
# yarn lockfile v1


"slugify@^1.6.5":
  "integrity" "sha512-8mo9bslnBO3tr5PEVFzMPIWwWnipGS0xVbYf65zxDqfNwmzYn1LpiKNrR6DlClusuvo+hDHd1zKpmfAe83NQSQ=="
  "resolved" "https://registry.npmjs.org/slugify/-/slugify-1.6.5.tgz"
  "version" "1.6.5"
